Microsoft Visual Studio Solution File, Format Version 11.00
# Visual Studio 2008

Project("{11627652-AF6B-C11A-EFE6-8E29547110CC}") = "Unity App", "Assembly-CSharp-firstpass-vs.csproj", "{6135AF68-2FF0-1825-8243-F5848AC2D412}"
EndProject
Project("{11627652-AF6B-C11A-EFE6-8E29547110CC}") = "Unity App", "Assembly-CSharp-vs.csproj", "{1B48C178-8603-8B63-DB04-6A75EE4959E8}"
EndProject
Global
	GlobalSection(SolutionConfigurationPlatforms) = preSolution
		Debug|Any CPU = Debug|Any CPU
		Release|Any CPU = Release|Any CPU
	EndGlobalSection
	GlobalSection(ProjectConfigurationPlatforms) = postSolution
		{6135AF68-2FF0-1825-8243-F5848AC2D412}.Debug|Any CPU.ActiveCfg = Debug|Any CPU
		{6135AF68-2FF0-1825-8243-F5848AC2D412}.Debug|Any CPU.Build.0 = Debug|Any CPU
		{6135AF68-2FF0-1825-8243-F5848AC2D412}.Release|Any CPU.ActiveCfg = Release|Any CPU
		{6135AF68-2FF0-1825-8243-F5848AC2D412}.Release|Any CPU.Build.0 = Release|Any CPU
		{1B48C178-8603-8B63-DB04-6A75EE4959E8}.Debug|Any CPU.ActiveCfg = Debug|Any CPU
		{1B48C178-8603-8B63-DB04-6A75EE4959E8}.Debug|Any CPU.Build.0 = Debug|Any CPU
		{1B48C178-8603-8B63-DB04-6A75EE4959E8}.Release|Any CPU.ActiveCfg = Release|Any CPU
		{1B48C178-8603-8B63-DB04-6A75EE4959E8}.Release|Any CPU.Build.0 = Release|Any CPU
	EndGlobalSection
	GlobalSection(SolutionProperties) = preSolution
		HideSolutionNode = FALSE
	EndGlobalSection
																																				GlobalSection(MonoDevelopProperties) = preSolution
		StartupItem = Assembly-CSharp.csproj
		Policies = $0
		$0.TextStylePolicy = $1
		$1.inheritsSet = null
		$1.scope = text/x-csharp
		$0.CSharpFormattingPolicy = $2
		$2.inheritsSet = Mono
		$2.inheritsScope = text/x-csharp
		$2.scope = text/x-csharp
		$0.TextStylePolicy = $3
		$3.FileWidth = 120
		$3.TabWidth = 4
		$3.EolMarker = Unix
		$3.inheritsSet = Mono
		$3.inheritsScope = text/plain
		$3.scope = text/plain
	EndGlobalSection

EndGlobal
